// !$*UTF8*$!
{
	archiveVersion = 1;
	classes = {
	};
	objectVersion = 46;
	objects = {

/* Begin PBXBuildFile section */
		BBAB23CB13894F3D00AA2426 /* GLUT.framework in CopyFiles */ = {isa = PBXBuildFile; fileRef = BBAB23BE13894E4700AA2426 /* GLUT.framework */; };
		E4328149138ABC9F0047C5CB /* openFrameworksDebug.a in Frameworks */ = {isa = PBXBuildFile; fileRef = E4328148138ABC890047C5CB /* openFrameworksDebug.a */; };
		E45BE97B0E8CC7DD009D7055 /* AGL.framework in Frameworks */ = {isa = PBXBuildFile; fileRef = E45BE9710E8CC7DD009D7055 /* AGL.framework */; };
		E45BE97C0E8CC7DD009D7055 /* ApplicationServices.framework in Frameworks */ = {isa = PBXBuildFile; fileRef = E45BE9720E8CC7DD009D7055 /* ApplicationServices.framework */; };
		E45BE97D0E8CC7DD009D7055 /* AudioToolbox.framework in Frameworks */ = {isa = PBXBuildFile; fileRef = E45BE9730E8CC7DD009D7055 /* AudioToolbox.framework */; };
		E45BE97E0E8CC7DD009D7055 /* Carbon.framework in Frameworks */ = {isa = PBXBuildFile; fileRef = E45BE9740E8CC7DD009D7055 /* Carbon.framework */; };
		E45BE97F0E8CC7DD009D7055 /* CoreAudio.framework in Frameworks */ = {isa = PBXBuildFile; fileRef = E45BE9750E8CC7DD009D7055 /* CoreAudio.framework */; };
		E45BE9800E8CC7DD009D7055 /* CoreFoundation.framework in Frameworks */ = {isa = PBXBuildFile; fileRef = E45BE9760E8CC7DD009D7055 /* CoreFoundation.framework */; };
		E45BE9810E8CC7DD009D7055 /* CoreServices.framework in Frameworks */ = {isa = PBXBuildFile; fileRef = E45BE9770E8CC7DD009D7055 /* CoreServices.framework */; };
		E45BE9830E8CC7DD009D7055 /* OpenGL.framework in Frameworks */ = {isa = PBXBuildFile; fileRef = E45BE9790E8CC7DD009D7055 /* OpenGL.framework */; };
		E45BE9840E8CC7DD009D7055 /* QuickTime.framework in Frameworks */ = {isa = PBXBuildFile; fileRef = E45BE97A0E8CC7DD009D7055 /* QuickTime.framework */; };
		E4B69E200A3A1BDC003C02F2 /* main.cpp in Sources */ = {isa = PBXBuildFile; fileRef = E4B69E1D0A3A1BDC003C02F2 /* main.cpp */; };
		E4B69E210A3A1BDC003C02F2 /* testApp.cpp in Sources */ = {isa = PBXBuildFile; fileRef = E4B69E1E0A3A1BDC003C02F2 /* testApp.cpp */; };
		E4C2424710CC5A17004149E2 /* AppKit.framework in Frameworks */ = {isa = PBXBuildFile; fileRef = E4C2424410CC5A17004149E2 /* AppKit.framework */; };
		E4C2424810CC5A17004149E2 /* Cocoa.framework in Frameworks */ = {isa = PBXBuildFile; fileRef = E4C2424510CC5A17004149E2 /* Cocoa.framework */; };
		E4C2424910CC5A17004149E2 /* IOKit.framework in Frameworks */ = {isa = PBXBuildFile; fileRef = E4C2424610CC5A17004149E2 /* IOKit.framework */; };
		E4EB6799138ADC1D00A09F29 /* GLUT.framework in Frameworks */ = {isa = PBXBuildFile; fileRef = BBAB23BE13894E4700AA2426 /* GLUT.framework */; };
		FD1D68BB13DD42F60096FAB8 /* ofxMuiDefaults.cpp in Sources */ = {isa = PBXBuildFile; fileRef = FD1D689313DD42F60096FAB8 /* ofxMuiDefaults.cpp */; };
		FD1D68BC13DD42F60096FAB8 /* ofxMuiBox.cpp in Sources */ = {isa = PBXBuildFile; fileRef = FD1D689613DD42F60096FAB8 /* ofxMuiBox.cpp */; };
		FD1D68BD13DD42F60096FAB8 /* ofxMuiEnabler.cpp in Sources */ = {isa = PBXBuildFile; fileRef = FD1D689813DD42F60096FAB8 /* ofxMuiEnabler.cpp */; };
		FD1D68BE13DD42F60096FAB8 /* ofxMuiKeyMapper.cpp in Sources */ = {isa = PBXBuildFile; fileRef = FD1D689A13DD42F60096FAB8 /* ofxMuiKeyMapper.cpp */; };
		FD1D68BF13DD42F60096FAB8 /* ofxMuiLabelledObject.cpp in Sources */ = {isa = PBXBuildFile; fileRef = FD1D689F13DD42F60096FAB8 /* ofxMuiLabelledObject.cpp */; };
		FD1D68C013DD42F60096FAB8 /* ofxMuiObject.cpp in Sources */ = {isa = PBXBuildFile; fileRef = FD1D68A113DD42F60096FAB8 /* ofxMuiObject.cpp */; };
		FD1D68C113DD42F60096FAB8 /* ofxMuiButton.cpp in Sources */ = {isa = PBXBuildFile; fileRef = FD1D68A413DD42F60096FAB8 /* ofxMuiButton.cpp */; };
		FD1D68C313DD42F60096FAB8 /* ofxMuiKnob.cpp in Sources */ = {isa = PBXBuildFile; fileRef = FD1D68A813DD42F60096FAB8 /* ofxMuiKnob.cpp */; };
		FD1D68C413DD42F60096FAB8 /* ofxMuiLabel.cpp in Sources */ = {isa = PBXBuildFile; fileRef = FD1D68AA13DD42F60096FAB8 /* ofxMuiLabel.cpp */; };
		FD1D68C513DD42F60096FAB8 /* ofxMuiPanel.cpp in Sources */ = {isa = PBXBuildFile; fileRef = FD1D68AC13DD42F60096FAB8 /* ofxMuiPanel.cpp */; };
		FD1D68C613DD42F60096FAB8 /* ofxMuiSlider.cpp in Sources */ = {isa = PBXBuildFile; fileRef = FD1D68AE13DD42F60096FAB8 /* ofxMuiSlider.cpp */; };
		FD1D68C713DD42F60096FAB8 /* ofxMuiTooltip.cpp in Sources */ = {isa = PBXBuildFile; fileRef = FD1D68B013DD42F60096FAB8 /* ofxMuiTooltip.cpp */; };
		FD1D68C813DD42F60096FAB8 /* ofxMui.cpp in Sources */ = {isa = PBXBuildFile; fileRef = FD1D68B213DD42F60096FAB8 /* ofxMui.cpp */; };
		FD1D68C913DD42F60096FAB8 /* ofxMuiBoxProperties.cpp in Sources */ = {isa = PBXBuildFile; fileRef = FD1D68B513DD42F60096FAB8 /* ofxMuiBoxProperties.cpp */; };
		FD1D68CA13DD42F60096FAB8 /* ofxMuiColor.cpp in Sources */ = {isa = PBXBuildFile; fileRef = FD1D68B713DD42F60096FAB8 /* ofxMuiColor.cpp */; };
		FD1D68D113DDDD660096FAB8 /* ofxMuiNumberBox.cpp in Sources */ = {isa = PBXBuildFile; fileRef = FD1D68D013DDDD650096FAB8 /* ofxMuiNumberBox.cpp */; };
		FD217A7514E0E50C00E48401 /* ofxMuiTrueTypeFont.cpp in Sources */ = {isa = PBXBuildFile; fileRef = FD217A7414E0E50C00E48401 /* ofxMuiTrueTypeFont.cpp */; };
		FD96879313D3E92A00E81053 /* tinyxml.cpp in Sources */ = {isa = PBXBuildFile; fileRef = FD96878C13D3E92A00E81053 /* tinyxml.cpp */; };
		FD96879413D3E92A00E81053 /* tinyxmlerror.cpp in Sources */ = {isa = PBXBuildFile; fileRef = FD96878E13D3E92A00E81053 /* tinyxmlerror.cpp */; };
		FD96879513D3E92A00E81053 /* tinyxmlparser.cpp in Sources */ = {isa = PBXBuildFile; fileRef = FD96878F13D3E92A00E81053 /* tinyxmlparser.cpp */; };
		FD96879613D3E92A00E81053 /* ofxXmlSettings.cpp in Sources */ = {isa = PBXBuildFile; fileRef = FD96879113D3E92A00E81053 /* ofxXmlSettings.cpp */; };
		FDB517DC14D9C54800FD61A0 /* ofxMuiTextBlock.cpp in Sources */ = {isa = PBXBuildFile; fileRef = FDB517DA14D9C54700FD61A0 /* ofxMuiTextBlock.cpp */; };
		FDB57E7E13F9BF9B002EF33E /* ofxMuiWindow.cpp in Sources */ = {isa = PBXBuildFile; fileRef = FDB57E7D13F9BF9B002EF33E /* ofxMuiWindow.cpp */; };
		FDC27AE714BB97FC00BB6C99 /* ofxMuiRange.cpp in Sources */ = {isa = PBXBuildFile; fileRef = FDC27AE514BB97F100BB6C99 /* ofxMuiRange.cpp */; };
		FDC27AEA14BB9A3C00BB6C99 /* ofxMuiNumberData.cpp in Sources */ = {isa = PBXBuildFile; fileRef = FDC27AE814BB9A3A00BB6C99 /* ofxMuiNumberData.cpp */; };
		FDC5067C152A3F0B00FE8B45 /* ofxMuiFont.cpp in Sources */ = {isa = PBXBuildFile; fileRef = FDC5067A152A3F0B00FE8B45 /* ofxMuiFont.cpp */; };
		FDD17E1D15FDB569000144C1 /* ofxRectangleUtils.cpp in Sources */ = {isa = PBXBuildFile; fileRef = FDD17E1115FDB569000144C1 /* ofxRectangleUtils.cpp */; };
		FDFC9DF415FE9C7B00EDD797 /* ofxMuiQuad.cpp in Sources */ = {isa = PBXBuildFile; fileRef = FDFC9DF315FE9C7B00EDD797 /* ofxMuiQuad.cpp */; };
/* End PBXBuildFile section */

/* Begin PBXContainerItemProxy section */
		E4328147138ABC890047C5CB /* PBXContainerItemProxy */ = {
			isa = PBXContainerItemProxy;
			containerPortal = E4328143138ABC890047C5CB /* openFrameworksLib.xcodeproj */;
			proxyType = 2;
			remoteGlobalIDString = E4B27C1510CBEB8E00536013;
			remoteInfo = openFrameworks;
		};
		E4EEB9AB138B136A00A80321 /* PBXContainerItemProxy */ = {
			isa = PBXContainerItemProxy;
			containerPortal = E4328143138ABC890047C5CB /* openFrameworksLib.xcodeproj */;
			proxyType = 1;
			remoteGlobalIDString = E4B27C1410CBEB8E00536013;
			remoteInfo = openFrameworks;
		};
/* End PBXContainerItemProxy section */

/* Begin PBXCopyFilesBuildPhase section */
		E4C2427710CC5ABF004149E2 /* CopyFiles */ = {
			isa = PBXCopyFilesBuildPhase;
			buildActionMask = 2147483647;
			dstPath = "";
			dstSubfolderSpec = 10;
			files = (
				BBAB23CB13894F3D00AA2426 /* GLUT.framework in CopyFiles */,
			);
			runOnlyForDeploymentPostprocessing = 0;
		};
/* End PBXCopyFilesBuildPhase section */

/* Begin PBXFileReference section */
		BBAB23BE13894E4700AA2426 /* GLUT.framework */ = {isa = PBXFileReference; lastKnownFileType = wrapper.framework; name = GLUT.framework; path = ../../../libs/glut/lib/osx/GLUT.framework; sourceTree = "<group>"; };
		E4328143138ABC890047C5CB /* openFrameworksLib.xcodeproj */ = {isa = PBXFileReference; lastKnownFileType = "wrapper.pb-project"; name = openFrameworksLib.xcodeproj; path = ../../../libs/openFrameworksCompiled/project/osx/openFrameworksLib.xcodeproj; sourceTree = SOURCE_ROOT; };
		E45BE9710E8CC7DD009D7055 /* AGL.framework */ = {isa = PBXFileReference; lastKnownFileType = wrapper.framework; name = AGL.framework; path = /System/Library/Frameworks/AGL.framework; sourceTree = "<absolute>"; };
		E45BE9720E8CC7DD009D7055 /* ApplicationServices.framework */ = {isa = PBXFileReference; lastKnownFileType = wrapper.framework; name = ApplicationServices.framework; path = /System/Library/Frameworks/ApplicationServices.framework; sourceTree = "<absolute>"; };
		E45BE9730E8CC7DD009D7055 /* AudioToolbox.framework */ = {isa = PBXFileReference; lastKnownFileType = wrapper.framework; name = AudioToolbox.framework; path = /System/Library/Frameworks/AudioToolbox.framework; sourceTree = "<absolute>"; };
		E45BE9740E8CC7DD009D7055 /* Carbon.framework */ = {isa = PBXFileReference; lastKnownFileType = wrapper.framework; name = Carbon.framework; path = /System/Library/Frameworks/Carbon.framework; sourceTree = "<absolute>"; };
		E45BE9750E8CC7DD009D7055 /* CoreAudio.framework */ = {isa = PBXFileReference; lastKnownFileType = wrapper.framework; name = CoreAudio.framework; path = /System/Library/Frameworks/CoreAudio.framework; sourceTree = "<absolute>"; };
		E45BE9760E8CC7DD009D7055 /* CoreFoundation.framework */ = {isa = PBXFileReference; lastKnownFileType = wrapper.framework; name = CoreFoundation.framework; path = /System/Library/Frameworks/CoreFoundation.framework; sourceTree = "<absolute>"; };
		E45BE9770E8CC7DD009D7055 /* CoreServices.framework */ = {isa = PBXFileReference; lastKnownFileType = wrapper.framework; name = CoreServices.framework; path = /System/Library/Frameworks/CoreServices.framework; sourceTree = "<absolute>"; };
		E45BE9790E8CC7DD009D7055 /* OpenGL.framework */ = {isa = PBXFileReference; lastKnownFileType = wrapper.framework; name = OpenGL.framework; path = /System/Library/Frameworks/OpenGL.framework; sourceTree = "<absolute>"; };
		E45BE97A0E8CC7DD009D7055 /* QuickTime.framework */ = {isa = PBXFileReference; lastKnownFileType = wrapper.framework; name = QuickTime.framework; path = /System/Library/Frameworks/QuickTime.framework; sourceTree = "<absolute>"; };
		E4B69B5B0A3A1756003C02F2 /* BasicExampleDebug.app */ = {isa = PBXFileReference; explicitFileType = wrapper.application; includeInIndex = 0; path = BasicExampleDebug.app; sourceTree = BUILT_PRODUCTS_DIR; };
		E4B69E1D0A3A1BDC003C02F2 /* main.cpp */ = {isa = PBXFileReference; fileEncoding = 30; lastKnownFileType = sourcecode.cpp.cpp; name = main.cpp; path = src/main.cpp; sourceTree = SOURCE_ROOT; };
		E4B69E1E0A3A1BDC003C02F2 /* testApp.cpp */ = {isa = PBXFileReference; explicitFileType = sourcecode.cpp.cpp; fileEncoding = 30; name = testApp.cpp; path = src/testApp.cpp; sourceTree = SOURCE_ROOT; };
		E4B69E1F0A3A1BDC003C02F2 /* testApp.h */ = {isa = PBXFileReference; fileEncoding = 30; lastKnownFileType = sourcecode.c.h; name = testApp.h; path = src/testApp.h; sourceTree = SOURCE_ROOT; };
		E4B6FCAD0C3E899E008CF71C /* openFrameworks-Info.plist */ = {isa = PBXFileReference; fileEncoding = 30; lastKnownFileType = text.plist.xml; path = "openFrameworks-Info.plist"; sourceTree = "<group>"; };
		E4C2424410CC5A17004149E2 /* AppKit.framework */ = {isa = PBXFileReference; lastKnownFileType = wrapper.framework; name = AppKit.framework; path = /System/Library/Frameworks/AppKit.framework; sourceTree = "<absolute>"; };
		E4C2424510CC5A17004149E2 /* Cocoa.framework */ = {isa = PBXFileReference; lastKnownFileType = wrapper.framework; name = Cocoa.framework; path = /System/Library/Frameworks/Cocoa.framework; sourceTree = "<absolute>"; };
		E4C2424610CC5A17004149E2 /* IOKit.framework */ = {isa = PBXFileReference; lastKnownFileType = wrapper.framework; name = IOKit.framework; path = /System/Library/Frameworks/IOKit.framework; sourceTree = "<absolute>"; };
		E4EB691F138AFCF100A09F29 /* CoreOF.xcconfig */ = {isa = PBXFileReference; fileEncoding = 4; lastKnownFileType = text.xcconfig; name = CoreOF.xcconfig; path = ../../../libs/openFrameworksCompiled/project/osx/CoreOF.xcconfig; sourceTree = SOURCE_ROOT; };
		E4EB6923138AFD0F00A09F29 /* Project.xcconfig */ = {isa = PBXFileReference; fileEncoding = 4; lastKnownFileType = text.xcconfig; path = Project.xcconfig; sourceTree = "<group>"; };
		FD1D689213DD42F60096FAB8 /* ofxMuiConstants.h */ = {isa = PBXFileReference; fileEncoding = 4; lastKnownFileType = sourcecode.c.h; path = ofxMuiConstants.h; sourceTree = "<group>"; };
		FD1D689313DD42F60096FAB8 /* ofxMuiDefaults.cpp */ = {isa = PBXFileReference; fileEncoding = 4; lastKnownFileType = sourcecode.cpp.cpp; path = ofxMuiDefaults.cpp; sourceTree = "<group>"; };
		FD1D689413DD42F60096FAB8 /* ofxMuiDefaults.h */ = {isa = PBXFileReference; fileEncoding = 4; lastKnownFileType = sourcecode.c.h; path = ofxMuiDefaults.h; sourceTree = "<group>"; };
		FD1D689613DD42F60096FAB8 /* ofxMuiBox.cpp */ = {isa = PBXFileReference; fileEncoding = 4; lastKnownFileType = sourcecode.cpp.cpp; path = ofxMuiBox.cpp; sourceTree = "<group>"; };
		FD1D689713DD42F60096FAB8 /* ofxMuiBox.h */ = {isa = PBXFileReference; fileEncoding = 4; lastKnownFileType = sourcecode.c.h; path = ofxMuiBox.h; sourceTree = "<group>"; };
		FD1D689813DD42F60096FAB8 /* ofxMuiEnabler.cpp */ = {isa = PBXFileReference; fileEncoding = 4; lastKnownFileType = sourcecode.cpp.cpp; path = ofxMuiEnabler.cpp; sourceTree = "<group>"; };
		FD1D689913DD42F60096FAB8 /* ofxMuiEnabler.h */ = {isa = PBXFileReference; fileEncoding = 4; lastKnownFileType = sourcecode.c.h; path = ofxMuiEnabler.h; sourceTree = "<group>"; };
		FD1D689A13DD42F60096FAB8 /* ofxMuiKeyMapper.cpp */ = {isa = PBXFileReference; fileEncoding = 4; lastKnownFileType = sourcecode.cpp.cpp; path = ofxMuiKeyMapper.cpp; sourceTree = "<group>"; };
		FD1D689B13DD42F60096FAB8 /* ofxMuiKeyMapper.h */ = {isa = PBXFileReference; fileEncoding = 4; lastKnownFileType = sourcecode.c.h; path = ofxMuiKeyMapper.h; sourceTree = "<group>"; };
		FD1D689C13DD42F60096FAB8 /* ofxMuiUtils.h */ = {isa = PBXFileReference; fileEncoding = 4; lastKnownFileType = sourcecode.c.h; path = ofxMuiUtils.h; sourceTree = "<group>"; };
		FD1D689F13DD42F60096FAB8 /* ofxMuiLabelledObject.cpp */ = {isa = PBXFileReference; fileEncoding = 4; lastKnownFileType = sourcecode.cpp.cpp; path = ofxMuiLabelledObject.cpp; sourceTree = "<group>"; };
		FD1D68A013DD42F60096FAB8 /* ofxMuiLabelledObject.h */ = {isa = PBXFileReference; fileEncoding = 4; lastKnownFileType = sourcecode.c.h; path = ofxMuiLabelledObject.h; sourceTree = "<group>"; };
		FD1D68A113DD42F60096FAB8 /* ofxMuiObject.cpp */ = {isa = PBXFileReference; fileEncoding = 4; lastKnownFileType = sourcecode.cpp.cpp; path = ofxMuiObject.cpp; sourceTree = "<group>"; };
		FD1D68A213DD42F60096FAB8 /* ofxMuiObject.h */ = {isa = PBXFileReference; fileEncoding = 4; lastKnownFileType = sourcecode.c.h; path = ofxMuiObject.h; sourceTree = "<group>"; };
		FD1D68A413DD42F60096FAB8 /* ofxMuiButton.cpp */ = {isa = PBXFileReference; fileEncoding = 4; lastKnownFileType = sourcecode.cpp.cpp; path = ofxMuiButton.cpp; sourceTree = "<group>"; };
		FD1D68A513DD42F60096FAB8 /* ofxMuiButton.h */ = {isa = PBXFileReference; fileEncoding = 4; lastKnownFileType = sourcecode.c.h; path = ofxMuiButton.h; sourceTree = "<group>"; };
		FD1D68A813DD42F60096FAB8 /* ofxMuiKnob.cpp */ = {isa = PBXFileReference; fileEncoding = 4; lastKnownFileType = sourcecode.cpp.cpp; path = ofxMuiKnob.cpp; sourceTree = "<group>"; };
		FD1D68A913DD42F60096FAB8 /* ofxMuiKnob.h */ = {isa = PBXFileReference; fileEncoding = 4; lastKnownFileType = sourcecode.c.h; path = ofxMuiKnob.h; sourceTree = "<group>"; };
		FD1D68AA13DD42F60096FAB8 /* ofxMuiLabel.cpp */ = {isa = PBXFileReference; fileEncoding = 4; lastKnownFileType = sourcecode.cpp.cpp; path = ofxMuiLabel.cpp; sourceTree = "<group>"; };
		FD1D68AB13DD42F60096FAB8 /* ofxMuiLabel.h */ = {isa = PBXFileReference; fileEncoding = 4; lastKnownFileType = sourcecode.c.h; path = ofxMuiLabel.h; sourceTree = "<group>"; };
		FD1D68AC13DD42F60096FAB8 /* ofxMuiPanel.cpp */ = {isa = PBXFileReference; fileEncoding = 4; lastKnownFileType = sourcecode.cpp.cpp; path = ofxMuiPanel.cpp; sourceTree = "<group>"; };
		FD1D68AD13DD42F60096FAB8 /* ofxMuiPanel.h */ = {isa = PBXFileReference; fileEncoding = 4; lastKnownFileType = sourcecode.c.h; path = ofxMuiPanel.h; sourceTree = "<group>"; };
		FD1D68AE13DD42F60096FAB8 /* ofxMuiSlider.cpp */ = {isa = PBXFileReference; fileEncoding = 4; lastKnownFileType = sourcecode.cpp.cpp; path = ofxMuiSlider.cpp; sourceTree = "<group>"; };
		FD1D68AF13DD42F60096FAB8 /* ofxMuiSlider.h */ = {isa = PBXFileReference; fileEncoding = 4; lastKnownFileType = sourcecode.c.h; path = ofxMuiSlider.h; sourceTree = "<group>"; };
		FD1D68B013DD42F60096FAB8 /* ofxMuiTooltip.cpp */ = {isa = PBXFileReference; fileEncoding = 4; lastKnownFileType = sourcecode.cpp.cpp; path = ofxMuiTooltip.cpp; sourceTree = "<group>"; };
		FD1D68B113DD42F60096FAB8 /* ofxMuiTooltip.h */ = {isa = PBXFileReference; fileEncoding = 4; lastKnownFileType = sourcecode.c.h; path = ofxMuiTooltip.h; sourceTree = "<group>"; };
		FD1D68B213DD42F60096FAB8 /* ofxMui.cpp */ = {isa = PBXFileReference; fileEncoding = 4; lastKnownFileType = sourcecode.cpp.cpp; lineEnding = 0; path = ofxMui.cpp; sourceTree = "<group>"; xcLanguageSpecificationIdentifier = xcode.lang.cpp; };
		FD1D68B313DD42F60096FAB8 /* ofxMui.h */ = {isa = PBXFileReference; fileEncoding = 4; lastKnownFileType = sourcecode.c.h; lineEnding = 0; path = ofxMui.h; sourceTree = "<group>"; xcLanguageSpecificationIdentifier = xcode.lang.objcpp; };
		FD1D68B513DD42F60096FAB8 /* ofxMuiBoxProperties.cpp */ = {isa = PBXFileReference; fileEncoding = 4; lastKnownFileType = sourcecode.cpp.cpp; path = ofxMuiBoxProperties.cpp; sourceTree = "<group>"; };
		FD1D68B613DD42F60096FAB8 /* ofxMuiBoxProperties.h */ = {isa = PBXFileReference; fileEncoding = 4; lastKnownFileType = sourcecode.c.h; path = ofxMuiBoxProperties.h; sourceTree = "<group>"; };
		FD1D68B713DD42F60096FAB8 /* ofxMuiColor.cpp */ = {isa = PBXFileReference; fileEncoding = 4; lastKnownFileType = sourcecode.cpp.cpp; path = ofxMuiColor.cpp; sourceTree = "<group>"; };
		FD1D68B813DD42F60096FAB8 /* ofxMuiColor.h */ = {isa = PBXFileReference; fileEncoding = 4; lastKnownFileType = sourcecode.c.h; path = ofxMuiColor.h; sourceTree = "<group>"; };
		FD1D68BA13DD42F60096FAB8 /* ofxMuiIcon.h */ = {isa = PBXFileReference; fileEncoding = 4; lastKnownFileType = sourcecode.c.h; path = ofxMuiIcon.h; sourceTree = "<group>"; };
		FD1D68CF13DDDD4D0096FAB8 /* ofxMuiNumberBox.h */ = {isa = PBXFileReference; fileEncoding = 4; lastKnownFileType = sourcecode.c.h; path = ofxMuiNumberBox.h; sourceTree = "<group>"; };
		FD1D68D013DDDD650096FAB8 /* ofxMuiNumberBox.cpp */ = {isa = PBXFileReference; fileEncoding = 4; lastKnownFileType = sourcecode.cpp.cpp; path = ofxMuiNumberBox.cpp; sourceTree = "<group>"; };
		FD217A7214E07CC800E48401 /* ofxMuiTextUtils.h */ = {isa = PBXFileReference; fileEncoding = 4; lastKnownFileType = sourcecode.c.h; path = ofxMuiTextUtils.h; sourceTree = "<group>"; };
		FD217A7314E0E4F800E48401 /* ofxMuiTrueTypeFont.h */ = {isa = PBXFileReference; fileEncoding = 4; lastKnownFileType = sourcecode.c.h; path = ofxMuiTrueTypeFont.h; sourceTree = "<group>"; };
		FD217A7414E0E50C00E48401 /* ofxMuiTrueTypeFont.cpp */ = {isa = PBXFileReference; fileEncoding = 4; lastKnownFileType = sourcecode.cpp.cpp; path = ofxMuiTrueTypeFont.cpp; sourceTree = "<group>"; };
		FD96878C13D3E92A00E81053 /* tinyxml.cpp */ = {isa = PBXFileReference; fileEncoding = 4; lastKnownFileType = sourcecode.cpp.cpp; path = tinyxml.cpp; sourceTree = "<group>"; };
		FD96878D13D3E92A00E81053 /* tinyxml.h */ = {isa = PBXFileReference; fileEncoding = 4; lastKnownFileType = sourcecode.c.h; path = tinyxml.h; sourceTree = "<group>"; };
		FD96878E13D3E92A00E81053 /* tinyxmlerror.cpp */ = {isa = PBXFileReference; fileEncoding = 4; lastKnownFileType = sourcecode.cpp.cpp; path = tinyxmlerror.cpp; sourceTree = "<group>"; };
		FD96878F13D3E92A00E81053 /* tinyxmlparser.cpp */ = {isa = PBXFileReference; fileEncoding = 4; lastKnownFileType = sourcecode.cpp.cpp; path = tinyxmlparser.cpp; sourceTree = "<group>"; };
		FD96879113D3E92A00E81053 /* ofxXmlSettings.cpp */ = {isa = PBXFileReference; fileEncoding = 4; lastKnownFileType = sourcecode.cpp.cpp; path = ofxXmlSettings.cpp; sourceTree = "<group>"; };
		FD96879213D3E92A00E81053 /* ofxXmlSettings.h */ = {isa = PBXFileReference; fileEncoding = 4; lastKnownFileType = sourcecode.c.h; path = ofxXmlSettings.h; sourceTree = "<group>"; };
		FDB517DA14D9C54700FD61A0 /* ofxMuiTextBlock.cpp */ = {isa = PBXFileReference; fileEncoding = 4; lastKnownFileType = sourcecode.cpp.cpp; path = ofxMuiTextBlock.cpp; sourceTree = "<group>"; };
		FDB517DB14D9C54700FD61A0 /* ofxMuiTextBlock.h */ = {isa = PBXFileReference; fileEncoding = 4; lastKnownFileType = sourcecode.c.h; path = ofxMuiTextBlock.h; sourceTree = "<group>"; };
		FDB57E7D13F9BF9B002EF33E /* ofxMuiWindow.cpp */ = {isa = PBXFileReference; fileEncoding = 4; lastKnownFileType = sourcecode.cpp.cpp; path = ofxMuiWindow.cpp; sourceTree = "<group>"; };
		FDB57E7F13F9BFC3002EF33E /* ofxMuiWindow.h */ = {isa = PBXFileReference; fileEncoding = 4; lastKnownFileType = sourcecode.c.h; path = ofxMuiWindow.h; sourceTree = "<group>"; };
		FDB57E8613F9EAE7002EF33E /* ofxMuiDeferredDrawTask.h */ = {isa = PBXFileReference; fileEncoding = 4; lastKnownFileType = sourcecode.c.h; path = ofxMuiDeferredDrawTask.h; sourceTree = "<group>"; };
		FDC27AE514BB97F100BB6C99 /* ofxMuiRange.cpp */ = {isa = PBXFileReference; fileEncoding = 4; lastKnownFileType = sourcecode.cpp.cpp; path = ofxMuiRange.cpp; sourceTree = "<group>"; };
		FDC27AE614BB97F400BB6C99 /* ofxMuiRange.h */ = {isa = PBXFileReference; fileEncoding = 4; lastKnownFileType = sourcecode.c.h; path = ofxMuiRange.h; sourceTree = "<group>"; };
		FDC27AE814BB9A3A00BB6C99 /* ofxMuiNumberData.cpp */ = {isa = PBXFileReference; fileEncoding = 4; lastKnownFileType = sourcecode.cpp.cpp; path = ofxMuiNumberData.cpp; sourceTree = "<group>"; };
		FDC27AE914BB9A3B00BB6C99 /* ofxMuiNumberData.h */ = {isa = PBXFileReference; fileEncoding = 4; lastKnownFileType = sourcecode.c.h; path = ofxMuiNumberData.h; sourceTree = "<group>"; };
		FDC5067A152A3F0B00FE8B45 /* ofxMuiFont.cpp */ = {isa = PBXFileReference; fileEncoding = 4; lastKnownFileType = sourcecode.cpp.cpp; path = ofxMuiFont.cpp; sourceTree = "<group>"; };
		FDC5067B152A3F0B00FE8B45 /* ofxMuiFont.h */ = {isa = PBXFileReference; fileEncoding = 4; lastKnownFileType = sourcecode.c.h; path = ofxMuiFont.h; sourceTree = "<group>"; };
		FDD17E1115FDB569000144C1 /* ofxRectangleUtils.cpp */ = {isa = PBXFileReference; fileEncoding = 4; lastKnownFileType = sourcecode.cpp.cpp; path = ofxRectangleUtils.cpp; sourceTree = "<group>"; };
		FDD17E1215FDB569000144C1 /* ofxRectangleUtils.h */ = {isa = PBXFileReference; fileEncoding = 4; lastKnownFileType = sourcecode.c.h; path = ofxRectangleUtils.h; sourceTree = "<group>"; };
		FDFC9DF215FE9C6A00EDD797 /* ofxMuiQuad.h */ = {isa = PBXFileReference; lastKnownFileType = sourcecode.c.h; path = ofxMuiQuad.h; sourceTree = "<group>"; };
		FDFC9DF315FE9C7B00EDD797 /* ofxMuiQuad.cpp */ = {isa = PBXFileReference; fileEncoding = 4; lastKnownFileType = sourcecode.cpp.cpp; path = ofxMuiQuad.cpp; sourceTree = "<group>"; };
/* End PBXFileReference section */

/* Begin PBXFrameworksBuildPhase section */
		E4B69B590A3A1756003C02F2 /* Frameworks */ = {
			isa = PBXFrameworksBuildPhase;
			buildActionMask = 2147483647;
			files = (
				E4EB6799138ADC1D00A09F29 /* GLUT.framework in Frameworks */,
				E4328149138ABC9F0047C5CB /* openFrameworksDebug.a in Frameworks */,
				E45BE97B0E8CC7DD009D7055 /* AGL.framework in Frameworks */,
				E45BE97C0E8CC7DD009D7055 /* ApplicationServices.framework in Frameworks */,
				E45BE97D0E8CC7DD009D7055 /* AudioToolbox.framework in Frameworks */,
				E45BE97E0E8CC7DD009D7055 /* Carbon.framework in Frameworks */,
				E45BE97F0E8CC7DD009D7055 /* CoreAudio.framework in Frameworks */,
				E45BE9800E8CC7DD009D7055 /* CoreFoundation.framework in Frameworks */,
				E45BE9810E8CC7DD009D7055 /* CoreServices.framework in Frameworks */,
				E45BE9830E8CC7DD009D7055 /* OpenGL.framework in Frameworks */,
				E45BE9840E8CC7DD009D7055 /* QuickTime.framework in Frameworks */,
				E4C2424710CC5A17004149E2 /* AppKit.framework in Frameworks */,
				E4C2424810CC5A17004149E2 /* Cocoa.framework in Frameworks */,
				E4C2424910CC5A17004149E2 /* IOKit.framework in Frameworks */,
			);
			runOnlyForDeploymentPostprocessing = 0;
		};
/* End PBXFrameworksBuildPhase section */

/* Begin PBXGroup section */
		BB4B014C10F69532006C3DED /* addons */ = {
			isa = PBXGroup;
			children = (
				FD6580E313D3E9B2006908FC /* ofxGui */,
				FDD17DFD15FDB569000144C1 /* ofxRectangleUtils */,
				FD96878913D3E92A00E81053 /* ofxXmlSettings */,
			);
			name = addons;
			sourceTree = "<group>";
		};
		BBAB23C913894ECA00AA2426 /* system frameworks */ = {
			isa = PBXGroup;
			children = (
				E4C2424410CC5A17004149E2 /* AppKit.framework */,
				E4C2424510CC5A17004149E2 /* Cocoa.framework */,
				E4C2424610CC5A17004149E2 /* IOKit.framework */,
				E45BE9710E8CC7DD009D7055 /* AGL.framework */,
				E45BE9720E8CC7DD009D7055 /* ApplicationServices.framework */,
				E45BE9730E8CC7DD009D7055 /* AudioToolbox.framework */,
				E45BE9740E8CC7DD009D7055 /* Carbon.framework */,
				E45BE9750E8CC7DD009D7055 /* CoreAudio.framework */,
				E45BE9760E8CC7DD009D7055 /* CoreFoundation.framework */,
				E45BE9770E8CC7DD009D7055 /* CoreServices.framework */,
				E45BE9790E8CC7DD009D7055 /* OpenGL.framework */,
				E45BE97A0E8CC7DD009D7055 /* QuickTime.framework */,
			);
			name = "system frameworks";
			sourceTree = "<group>";
		};
		BBAB23CA13894EDB00AA2426 /* 3rd party frameworks */ = {
			isa = PBXGroup;
			children = (
				BBAB23BE13894E4700AA2426 /* GLUT.framework */,
			);
			name = "3rd party frameworks";
			sourceTree = "<group>";
		};
		E4328144138ABC890047C5CB /* Products */ = {
			isa = PBXGroup;
			children = (
				E4328148138ABC890047C5CB /* openFrameworksDebug.a */,
			);
			name = Products;
			sourceTree = "<group>";
		};
		E45BE5980E8CC70C009D7055 /* frameworks */ = {
			isa = PBXGroup;
			children = (
				BBAB23CA13894EDB00AA2426 /* 3rd party frameworks */,
				BBAB23C913894ECA00AA2426 /* system frameworks */,
			);
			name = frameworks;
			sourceTree = "<group>";
		};
		E4B69B4A0A3A1720003C02F2 = {
			isa = PBXGroup;
			children = (
				E4B69E1C0A3A1BDC003C02F2 /* src */,
				E4EEC9E9138DF44700A80321 /* openFrameworks */,
				BB4B014C10F69532006C3DED /* addons */,
				E45BE5980E8CC70C009D7055 /* frameworks */,
				E4B69B5B0A3A1756003C02F2 /* BasicExampleDebug.app */,
			);
			sourceTree = "<group>";
		};
		E4B69E1C0A3A1BDC003C02F2 /* src */ = {
			isa = PBXGroup;
			children = (
				E4B69E1D0A3A1BDC003C02F2 /* main.cpp */,
				E4B69E1E0A3A1BDC003C02F2 /* testApp.cpp */,
				E4B69E1F0A3A1BDC003C02F2 /* testApp.h */,
			);
			path = src;
			sourceTree = SOURCE_ROOT;
		};
		E4EEC9E9138DF44700A80321 /* openFrameworks */ = {
			isa = PBXGroup;
			children = (
				E4EB6923138AFD0F00A09F29 /* Project.xcconfig */,
				E4EB691F138AFCF100A09F29 /* CoreOF.xcconfig */,
				E4328143138ABC890047C5CB /* openFrameworksLib.xcodeproj */,
				E4B6FCAD0C3E899E008CF71C /* openFrameworks-Info.plist */,
			);
			name = openFrameworks;
			sourceTree = "<group>";
		};
		FD1D689013DD42F60096FAB8 /* src */ = {
			isa = PBXGroup;
			children = (
				FD1D689113DD42F60096FAB8 /* defaults */,
				FD1D689513DD42F60096FAB8 /* helpers */,
				FD1D689D13DD42F60096FAB8 /* objects */,
				FD1D68B213DD42F60096FAB8 /* ofxMui.cpp */,
				FD1D68B313DD42F60096FAB8 /* ofxMui.h */,
				FD1D68B413DD42F60096FAB8 /* types */,
			);
			name = src;
			path = ../src;
			sourceTree = "<group>";
		};
		FD1D689113DD42F60096FAB8 /* defaults */ = {
			isa = PBXGroup;
			children = (
				FD1D689213DD42F60096FAB8 /* ofxMuiConstants.h */,
				FD1D689313DD42F60096FAB8 /* ofxMuiDefaults.cpp */,
				FD1D689413DD42F60096FAB8 /* ofxMuiDefaults.h */,
			);
			path = defaults;
			sourceTree = "<group>";
		};
		FD1D689513DD42F60096FAB8 /* helpers */ = {
			isa = PBXGroup;
			children = (
				FDC5067A152A3F0B00FE8B45 /* ofxMuiFont.cpp */,
				FDC5067B152A3F0B00FE8B45 /* ofxMuiFont.h */,
				FD1D689613DD42F60096FAB8 /* ofxMuiBox.cpp */,
				FD1D689713DD42F60096FAB8 /* ofxMuiBox.h */,
				FD1D689813DD42F60096FAB8 /* ofxMuiEnabler.cpp */,
				FD1D689913DD42F60096FAB8 /* ofxMuiEnabler.h */,
				FD1D689A13DD42F60096FAB8 /* ofxMuiKeyMapper.cpp */,
				FD1D689B13DD42F60096FAB8 /* ofxMuiKeyMapper.h */,
				FD1D689C13DD42F60096FAB8 /* ofxMuiUtils.h */,
				FD217A7214E07CC800E48401 /* ofxMuiTextUtils.h */,
			);
			path = helpers;
			sourceTree = "<group>";
		};
		FD1D689D13DD42F60096FAB8 /* objects */ = {
			isa = PBXGroup;
			children = (
				FD1D689E13DD42F60096FAB8 /* base */,
				FD1D68A313DD42F60096FAB8 /* impl */,
			);
			path = objects;
			sourceTree = "<group>";
		};
		FD1D689E13DD42F60096FAB8 /* base */ = {
			isa = PBXGroup;
			children = (
				FDB517DA14D9C54700FD61A0 /* ofxMuiTextBlock.cpp */,
				FDB517DB14D9C54700FD61A0 /* ofxMuiTextBlock.h */,
				FD1D689F13DD42F60096FAB8 /* ofxMuiLabelledObject.cpp */,
				FD1D68A013DD42F60096FAB8 /* ofxMuiLabelledObject.h */,
				FD1D68A113DD42F60096FAB8 /* ofxMuiObject.cpp */,
				FD1D68A213DD42F60096FAB8 /* ofxMuiObject.h */,
				FD217A7314E0E4F800E48401 /* ofxMuiTrueTypeFont.h */,
				FD217A7414E0E50C00E48401 /* ofxMuiTrueTypeFont.cpp */,
			);
			path = base;
			sourceTree = "<group>";
		};
		FD1D68A313DD42F60096FAB8 /* impl */ = {
			isa = PBXGroup;
			children = (
				FD1D68A413DD42F60096FAB8 /* ofxMuiButton.cpp */,
				FD1D68A513DD42F60096FAB8 /* ofxMuiButton.h */,
				FD1D68A813DD42F60096FAB8 /* ofxMuiKnob.cpp */,
				FD1D68A913DD42F60096FAB8 /* ofxMuiKnob.h */,
				FD1D68AA13DD42F60096FAB8 /* ofxMuiLabel.cpp */,
				FD1D68AB13DD42F60096FAB8 /* ofxMuiLabel.h */,
				FD1D68AC13DD42F60096FAB8 /* ofxMuiPanel.cpp */,
				FD1D68AD13DD42F60096FAB8 /* ofxMuiPanel.h */,
				FD1D68AE13DD42F60096FAB8 /* ofxMuiSlider.cpp */,
				FD1D68AF13DD42F60096FAB8 /* ofxMuiSlider.h */,
				FD1D68B013DD42F60096FAB8 /* ofxMuiTooltip.cpp */,
				FD1D68B113DD42F60096FAB8 /* ofxMuiTooltip.h */,
				FD1D68D013DDDD650096FAB8 /* ofxMuiNumberBox.cpp */,
				FD1D68CF13DDDD4D0096FAB8 /* ofxMuiNumberBox.h */,
				FDB57E7D13F9BF9B002EF33E /* ofxMuiWindow.cpp */,
				FDB57E7F13F9BFC3002EF33E /* ofxMuiWindow.h */,
				FDFC9DF215FE9C6A00EDD797 /* ofxMuiQuad.h */,
				FDFC9DF315FE9C7B00EDD797 /* ofxMuiQuad.cpp */,
			);
			path = impl;
			sourceTree = "<group>";
		};
		FD1D68B413DD42F60096FAB8 /* types */ = {
			isa = PBXGroup;
			children = (
				FDC27AE814BB9A3A00BB6C99 /* ofxMuiNumberData.cpp */,
				FDC27AE914BB9A3B00BB6C99 /* ofxMuiNumberData.h */,
				FDC27AE514BB97F100BB6C99 /* ofxMuiRange.cpp */,
				FDC27AE614BB97F400BB6C99 /* ofxMuiRange.h */,
				FD1D68B513DD42F60096FAB8 /* ofxMuiBoxProperties.cpp */,
				FD1D68B613DD42F60096FAB8 /* ofxMuiBoxProperties.h */,
				FD1D68B713DD42F60096FAB8 /* ofxMuiColor.cpp */,
				FD1D68B813DD42F60096FAB8 /* ofxMuiColor.h */,
				FD1D68BA13DD42F60096FAB8 /* ofxMuiIcon.h */,
				FDB57E8613F9EAE7002EF33E /* ofxMuiDeferredDrawTask.h */,
			);
			path = types;
			sourceTree = "<group>";
		};
		FD6580E313D3E9B2006908FC /* ofxGui */ = {
			isa = PBXGroup;
			children = (
				FD1D689013DD42F60096FAB8 /* src */,
			);
			name = ofxGui;
			sourceTree = "<group>";
		};
		FD96878913D3E92A00E81053 /* ofxXmlSettings */ = {
			isa = PBXGroup;
			children = (
				FD96878B13D3E92A00E81053 /* libs */,
				FD96879013D3E92A00E81053 /* src */,
			);
			name = ofxXmlSettings;
			path = ../../../addons/ofxXmlSettings;
			sourceTree = "<group>";
		};
		FD96878B13D3E92A00E81053 /* libs */ = {
			isa = PBXGroup;
			children = (
				FD96878C13D3E92A00E81053 /* tinyxml.cpp */,
				FD96878D13D3E92A00E81053 /* tinyxml.h */,
				FD96878E13D3E92A00E81053 /* tinyxmlerror.cpp */,
				FD96878F13D3E92A00E81053 /* tinyxmlparser.cpp */,
			);
			path = libs;
			sourceTree = "<group>";
		};
		FD96879013D3E92A00E81053 /* src */ = {
			isa = PBXGroup;
			children = (
				FD96879113D3E92A00E81053 /* ofxXmlSettings.cpp */,
				FD96879213D3E92A00E81053 /* ofxXmlSettings.h */,
			);
			path = src;
			sourceTree = "<group>";
		};
		FDD17DFD15FDB569000144C1 /* ofxRectangleUtils */ = {
			isa = PBXGroup;
			children = (
				FDD17E0E15FDB569000144C1 /* src */,
			);
			name = ofxRectangleUtils;
			path = ../../ofxRectangleUtils;
			sourceTree = "<group>";
		};
		FDD17E0E15FDB569000144C1 /* src */ = {
			isa = PBXGroup;
			children = (
				FDD17E1115FDB569000144C1 /* ofxRectangleUtils.cpp */,
				FDD17E1215FDB569000144C1 /* ofxRectangleUtils.h */,
			);
			path = src;
			sourceTree = "<group>";
		};
/* End PBXGroup section */

/* Begin PBXNativeTarget section */
		E4B69B5A0A3A1756003C02F2 /* BasicExample */ = {
			isa = PBXNativeTarget;
			buildConfigurationList = E4B69B5F0A3A1757003C02F2 /* Build configuration list for PBXNativeTarget "BasicExample" */;
			buildPhases = (
				E4B69B580A3A1756003C02F2 /* Sources */,
				E4B69B590A3A1756003C02F2 /* Frameworks */,
				E4B6FFFD0C3F9AB9008CF71C /* ShellScript */,
				E4C2427710CC5ABF004149E2 /* CopyFiles */,
			);
			buildRules = (
			);
			dependencies = (
				E4EEB9AC138B136A00A80321 /* PBXTargetDependency */,
			);
			name = BasicExample;
			productName = myOFApp;
			productReference = E4B69B5B0A3A1756003C02F2 /* BasicExampleDebug.app */;
			productType = "com.apple.product-type.application";
		};
/* End PBXNativeTarget section */

/* Begin PBXProject section */
		E4B69B4C0A3A1720003C02F2 /* Project object */ = {
			isa = PBXProject;
			attributes = {
				LastUpgradeCheck = 0420;
			};
			buildConfigurationList = E4B69B4D0A3A1720003C02F2 /* Build configuration list for PBXProject "BasicExample" */;
			compatibilityVersion = "Xcode 3.2";
			developmentRegion = English;
			hasScannedForEncodings = 0;
			knownRegions = (
				English,
				Japanese,
				French,
				German,
			);
			mainGroup = E4B69B4A0A3A1720003C02F2;
			productRefGroup = E4B69B4A0A3A1720003C02F2;
			projectDirPath = "";
			projectReferences = (
				{
					ProductGroup = E4328144138ABC890047C5CB /* Products */;
					ProjectRef = E4328143138ABC890047C5CB /* openFrameworksLib.xcodeproj */;
				},
			);
			projectRoot = "";
			targets = (
				E4B69B5A0A3A1756003C02F2 /* BasicExample */,
			);
		};
/* End PBXProject section */

/* Begin PBXReferenceProxy section */
		E4328148138ABC890047C5CB /* openFrameworksDebug.a */ = {
			isa = PBXReferenceProxy;
			fileType = archive.ar;
			path = openFrameworksDebug.a;
			remoteRef = E4328147138ABC890047C5CB /* PBXContainerItemProxy */;
			sourceTree = BUILT_PRODUCTS_DIR;
		};
/* End PBXReferenceProxy section */

/* Begin PBXShellScriptBuildPhase section */
		E4B6FFFD0C3F9AB9008CF71C /* ShellScript */ = {
			isa = PBXShellScriptBuildPhase;
			buildActionMask = 2147483647;
			files = (
			);
			inputPaths = (
			);
			outputPaths = (
			);
			runOnlyForDeploymentPostprocessing = 0;
			shellPath = /bin/sh;
			shellScript = "cp -f ../../../libs/fmodex/lib/osx/libfmodex.dylib \"$TARGET_BUILD_DIR/$PRODUCT_NAME.app/Contents/MacOS/libfmodex.dylib\";\ninstall_name_tool -change ./libfmodex.dylib @executable_path/libfmodex.dylib \"$TARGET_BUILD_DIR/$PRODUCT_NAME.app/Contents/MacOS/$PRODUCT_NAME\";";
		};
/* End PBXShellScriptBuildPhase section */

/* Begin PBXSourcesBuildPhase section */
		E4B69B580A3A1756003C02F2 /* Sources */ = {
			isa = PBXSourcesBuildPhase;
			buildActionMask = 2147483647;
			files = (
				E4B69E200A3A1BDC003C02F2 /* main.cpp in Sources */,
				E4B69E210A3A1BDC003C02F2 /* testApp.cpp in Sources */,
				FD96879313D3E92A00E81053 /* tinyxml.cpp in Sources */,
				FD96879413D3E92A00E81053 /* tinyxmlerror.cpp in Sources */,
				FD96879513D3E92A00E81053 /* tinyxmlparser.cpp in Sources */,
				FD96879613D3E92A00E81053 /* ofxXmlSettings.cpp in Sources */,
				FD1D68BB13DD42F60096FAB8 /* ofxMuiDefaults.cpp in Sources */,
				FD1D68BC13DD42F60096FAB8 /* ofxMuiBox.cpp in Sources */,
				FD1D68BD13DD42F60096FAB8 /* ofxMuiEnabler.cpp in Sources */,
				FD1D68BE13DD42F60096FAB8 /* ofxMuiKeyMapper.cpp in Sources */,
				FD1D68BF13DD42F60096FAB8 /* ofxMuiLabelledObject.cpp in Sources */,
				FD1D68C013DD42F60096FAB8 /* ofxMuiObject.cpp in Sources */,
				FD1D68C113DD42F60096FAB8 /* ofxMuiButton.cpp in Sources */,
				FD1D68C313DD42F60096FAB8 /* ofxMuiKnob.cpp in Sources */,
				FD1D68C413DD42F60096FAB8 /* ofxMuiLabel.cpp in Sources */,
				FD1D68C513DD42F60096FAB8 /* ofxMuiPanel.cpp in Sources */,
				FD1D68C613DD42F60096FAB8 /* ofxMuiSlider.cpp in Sources */,
				FD1D68C713DD42F60096FAB8 /* ofxMuiTooltip.cpp in Sources */,
				FD1D68C813DD42F60096FAB8 /* ofxMui.cpp in Sources */,
				FD1D68C913DD42F60096FAB8 /* ofxMuiBoxProperties.cpp in Sources */,
				FD1D68CA13DD42F60096FAB8 /* ofxMuiColor.cpp in Sources */,
				FD1D68D113DDDD660096FAB8 /* ofxMuiNumberBox.cpp in Sources */,
				FDB57E7E13F9BF9B002EF33E /* ofxMuiWindow.cpp in Sources */,
				FDC27AE714BB97FC00BB6C99 /* ofxMuiRange.cpp in Sources */,
				FDC27AEA14BB9A3C00BB6C99 /* ofxMuiNumberData.cpp in Sources */,
				FDB517DC14D9C54800FD61A0 /* ofxMuiTextBlock.cpp in Sources */,
				FD217A7514E0E50C00E48401 /* ofxMuiTrueTypeFont.cpp in Sources */,
				FDC5067C152A3F0B00FE8B45 /* ofxMuiFont.cpp in Sources */,
				FDD17E1D15FDB569000144C1 /* ofxRectangleUtils.cpp in Sources */,
				FDFC9DF415FE9C7B00EDD797 /* ofxMuiQuad.cpp in Sources */,
			);
			runOnlyForDeploymentPostprocessing = 0;
		};
/* End PBXSourcesBuildPhase section */

/* Begin PBXTargetDependency section */
		E4EEB9AC138B136A00A80321 /* PBXTargetDependency */ = {
			isa = PBXTargetDependency;
			name = openFrameworks;
			targetProxy = E4EEB9AB138B136A00A80321 /* PBXContainerItemProxy */;
		};
/* End PBXTargetDependency section */

/* Begin XCBuildConfiguration section */
		E4B69B4E0A3A1720003C02F2 /* Debug */ = {
			isa = XCBuildConfiguration;
			baseConfigurationReference = E4EB6923138AFD0F00A09F29 /* Project.xcconfig */;
			buildSettings = {
				ARCHS = "$(NATIVE_ARCH)";
				CONFIGURATION_BUILD_DIR = "$(SRCROOT)/bin/";
				COPY_PHASE_STRIP = NO;
				DEAD_CODE_STRIPPING = YES;
				GCC_AUTO_VECTORIZATION = YES;
				GCC_ENABLE_SSE3_EXTENSIONS = YES;
				GCC_ENABLE_SUPPLEMENTAL_SSE3_INSTRUCTIONS = YES;
				GCC_INLINES_ARE_PRIVATE_EXTERN = NO;
				GCC_MODEL_TUNING = G5;
				GCC_SYMBOLS_PRIVATE_EXTERN = NO;
				GCC_WARN_ABOUT_DEPRECATED_FUNCTIONS = NO;
				GCC_WARN_ABOUT_INVALID_OFFSETOF_MACRO = NO;
				GCC_WARN_ALLOW_INCOMPLETE_PROTOCOL = NO;
				GCC_WARN_UNINITIALIZED_AUTOS = NO;
				GCC_WARN_UNUSED_VALUE = NO;
				GCC_WARN_UNUSED_VARIABLE = NO;
				HEADER_SEARCH_PATHS = "$(OF_CORE_HEADERS)";
				OTHER_CPLUSPLUSFLAGS = (
					"-D__MACOSX_CORE__",
					"-lpthread",
				);
			};
			name = Debug;
		};
		E4B69B4F0A3A1720003C02F2 /* Release */ = {
			isa = XCBuildConfiguration;
			baseConfigurationReference = E4EB6923138AFD0F00A09F29 /* Project.xcconfig */;
			buildSettings = {
				ARCHS = "$(NATIVE_ARCH)";
				CONFIGURATION_BUILD_DIR = "$(SRCROOT)/bin/";
				COPY_PHASE_STRIP = YES;
				DEAD_CODE_STRIPPING = YES;
				GCC_AUTO_VECTORIZATION = YES;
				GCC_ENABLE_SSE3_EXTENSIONS = YES;
				GCC_ENABLE_SUPPLEMENTAL_SSE3_INSTRUCTIONS = YES;
				GCC_INLINES_ARE_PRIVATE_EXTERN = NO;
				GCC_MODEL_TUNING = G5;
				GCC_OPTIMIZATION_LEVEL = 3;
				GCC_SYMBOLS_PRIVATE_EXTERN = NO;
				GCC_UNROLL_LOOPS = YES;
				GCC_WARN_ABOUT_DEPRECATED_FUNCTIONS = NO;
				GCC_WARN_ABOUT_INVALID_OFFSETOF_MACRO = NO;
				GCC_WARN_ALLOW_INCOMPLETE_PROTOCOL = NO;
				GCC_WARN_UNINITIALIZED_AUTOS = NO;
				GCC_WARN_UNUSED_VALUE = NO;
				GCC_WARN_UNUSED_VARIABLE = NO;
				HEADER_SEARCH_PATHS = "$(OF_CORE_HEADERS)";
				OTHER_CPLUSPLUSFLAGS = (
					"-D__MACOSX_CORE__",
					"-lpthread",
				);
			};
			name = Release;
		};
		E4B69B600A3A1757003C02F2 /* Debug */ = {
			isa = XCBuildConfiguration;
			buildSettings = {
				COPY_PHASE_STRIP = NO;
				FRAMEWORK_SEARCH_PATHS = (
					"$(inherited)",
					"$(FRAMEWORK_SEARCH_PATHS_QUOTED_FOR_TARGET_1)",
				);
				FRAMEWORK_SEARCH_PATHS_QUOTED_FOR_TARGET_1 = "\"$(SRCROOT)/../../../libs/glut/lib/osx\"";
				GCC_DYNAMIC_NO_PIC = NO;
				GCC_GENERATE_DEBUGGING_SYMBOLS = YES;
				GCC_MODEL_TUNING = G4;
				GCC_PRECOMPILE_PREFIX_HEADER = YES;
				GCC_PREFIX_HEADER = "$(SYSTEM_LIBRARY_DIR)/Frameworks/Carbon.framework/Headers/Carbon.h";
				HEADER_SEARCH_PATHS = "$(OF_CORE_HEADERS)";
				INFOPLIST_FILE = "openFrameworks-Info.plist";
				INSTALL_PATH = "$(HOME)/Applications";
				LIBRARY_SEARCH_PATHS = (
					"$(inherited)",
					"$(LIBRARY_SEARCH_PATHS_QUOTED_FOR_TARGET_1)",
					"$(LIBRARY_SEARCH_PATHS_QUOTED_FOR_TARGET_2)",
					"$(LIBRARY_SEARCH_PATHS_QUOTED_FOR_TARGET_3)",
					"$(LIBRARY_SEARCH_PATHS_QUOTED_FOR_TARGET_4)",
					"$(LIBRARY_SEARCH_PATHS_QUOTED_FOR_TARGET_5)",
					"$(LIBRARY_SEARCH_PATHS_QUOTED_FOR_TARGET_6)",
					"$(LIBRARY_SEARCH_PATHS_QUOTED_FOR_TARGET_7)",
					"$(LIBRARY_SEARCH_PATHS_QUOTED_FOR_TARGET_8)",
					"$(LIBRARY_SEARCH_PATHS_QUOTED_FOR_TARGET_9)",
					"$(LIBRARY_SEARCH_PATHS_QUOTED_FOR_TARGET_10)",
					"$(LIBRARY_SEARCH_PATHS_QUOTED_FOR_TARGET_11)",
					"$(LIBRARY_SEARCH_PATHS_QUOTED_FOR_TARGET_12)",
					"$(LIBRARY_SEARCH_PATHS_QUOTED_FOR_TARGET_13)",
					"$(LIBRARY_SEARCH_PATHS_QUOTED_FOR_TARGET_14)",
					"$(LIBRARY_SEARCH_PATHS_QUOTED_FOR_TARGET_15)",
					"$(LIBRARY_SEARCH_PATHS_QUOTED_FOR_TARGET_2)",
					"$(LIBRARY_SEARCH_PATHS_QUOTED_FOR_TARGET_3)",
					"$(LIBRARY_SEARCH_PATHS_QUOTED_FOR_TARGET_7)",
					"$(LIBRARY_SEARCH_PATHS_QUOTED_FOR_TARGET_8)",
					"$(LIBRARY_SEARCH_PATHS_QUOTED_FOR_TARGET_9)",
					"$(LIBRARY_SEARCH_PATHS_QUOTED_FOR_TARGET_10)",
					"$(LIBRARY_SEARCH_PATHS_QUOTED_FOR_TARGET_11)",
					"$(LIBRARY_SEARCH_PATHS_QUOTED_FOR_TARGET_12)",
					"$(LIBRARY_SEARCH_PATHS_QUOTED_FOR_TARGET_13)",
					"$(LIBRARY_SEARCH_PATHS_QUOTED_FOR_TARGET_16)",
					"$(LIBRARY_SEARCH_PATHS_QUOTED_FOR_TARGET_17)",
					"$(LIBRARY_SEARCH_PATHS_QUOTED_FOR_TARGET_18)",
					"$(LIBRARY_SEARCH_PATHS_QUOTED_FOR_TARGET_19)",
					"$(LIBRARY_SEARCH_PATHS_QUOTED_FOR_TARGET_20)",
					"$(LIBRARY_SEARCH_PATHS_QUOTED_FOR_TARGET_21)",
					"$(LIBRARY_SEARCH_PATHS_QUOTED_FOR_TARGET_22)",
					"$(LIBRARY_SEARCH_PATHS_QUOTED_FOR_TARGET_23)",
					"$(LIBRARY_SEARCH_PATHS_QUOTED_FOR_TARGET_24)",
					"$(LIBRARY_SEARCH_PATHS_QUOTED_FOR_TARGET_25)",
					"$(LIBRARY_SEARCH_PATHS_QUOTED_FOR_TARGET_26)",
					"$(LIBRARY_SEARCH_PATHS_QUOTED_FOR_TARGET_27)",
					"$(LIBRARY_SEARCH_PATHS_QUOTED_FOR_TARGET_28)",
					"$(LIBRARY_SEARCH_PATHS_QUOTED_FOR_TARGET_29)",
					"$(LIBRARY_SEARCH_PATHS_QUOTED_FOR_TARGET_30)",
					"$(LIBRARY_SEARCH_PATHS_QUOTED_FOR_TARGET_31)",
					"$(LIBRARY_SEARCH_PATHS_QUOTED_FOR_TARGET_32)",
					"$(LIBRARY_SEARCH_PATHS_QUOTED_FOR_TARGET_33)",
					"$(LIBRARY_SEARCH_PATHS_QUOTED_FOR_TARGET_34)",
					"$(LIBRARY_SEARCH_PATHS_QUOTED_FOR_TARGET_35)",
					"$(LIBRARY_SEARCH_PATHS_QUOTED_FOR_TARGET_36)",
					"$(LIBRARY_SEARCH_PATHS_QUOTED_FOR_TARGET_37)",
					"$(LIBRARY_SEARCH_PATHS_QUOTED_FOR_TARGET_38)",
					"$(LIBRARY_SEARCH_PATHS_QUOTED_FOR_TARGET_39)",
					"$(LIBRARY_SEARCH_PATHS_QUOTED_FOR_TARGET_40)",
					"$(LIBRARY_SEARCH_PATHS_QUOTED_FOR_TARGET_41)",
					"$(LIBRARY_SEARCH_PATHS_QUOTED_FOR_TARGET_42)",
					"$(LIBRARY_SEARCH_PATHS_QUOTED_FOR_TARGET_43)",
					"$(LIBRARY_SEARCH_PATHS_QUOTED_FOR_TARGET_44)",
					"$(LIBRARY_SEARCH_PATHS_QUOTED_FOR_TARGET_45)",
					"$(LIBRARY_SEARCH_PATHS_QUOTED_FOR_TARGET_46)",
					"$(LIBRARY_SEARCH_PATHS_QUOTED_FOR_TARGET_47)",
					"$(LIBRARY_SEARCH_PATHS_QUOTED_FOR_TARGET_48)",
					"$(LIBRARY_SEARCH_PATHS_QUOTED_FOR_TARGET_49)",
					"$(LIBRARY_SEARCH_PATHS_QUOTED_FOR_TARGET_50)",
					"$(LIBRARY_SEARCH_PATHS_QUOTED_FOR_TARGET_51)",
					"$(LIBRARY_SEARCH_PATHS_QUOTED_FOR_TARGET_52)",
					"$(LIBRARY_SEARCH_PATHS_QUOTED_FOR_TARGET_1)",
					"$(LIBRARY_SEARCH_PATHS_QUOTED_FOR_TARGET_2)",
					"$(LIBRARY_SEARCH_PATHS_QUOTED_FOR_TARGET_3)",
					"$(LIBRARY_SEARCH_PATHS_QUOTED_FOR_TARGET_4)",
					"$(LIBRARY_SEARCH_PATHS_QUOTED_FOR_TARGET_5)",
					"$(LIBRARY_SEARCH_PATHS_QUOTED_FOR_TARGET_6)",
					"$(LIBRARY_SEARCH_PATHS_QUOTED_FOR_TARGET_7)",
					"$(LIBRARY_SEARCH_PATHS_QUOTED_FOR_TARGET_8)",
					"$(LIBRARY_SEARCH_PATHS_QUOTED_FOR_TARGET_9)",
					"$(LIBRARY_SEARCH_PATHS_QUOTED_FOR_TARGET_10)",
					"$(LIBRARY_SEARCH_PATHS_QUOTED_FOR_TARGET_11)",
					"$(LIBRARY_SEARCH_PATHS_QUOTED_FOR_TARGET_12)",
					"$(LIBRARY_SEARCH_PATHS_QUOTED_FOR_TARGET_13)",
					"$(LIBRARY_SEARCH_PATHS_QUOTED_FOR_TARGET_14)",
					"$(LIBRARY_SEARCH_PATHS_QUOTED_FOR_TARGET_15)",
					"$(LIBRARY_SEARCH_PATHS_QUOTED_FOR_TARGET_16)",
				);
				PRODUCT_NAME = "$(TARGET_NAME)Debug";
				SDKROOT = macosx10.6;
				WRAPPER_EXTENSION = app;
			};
			name = Debug;
		};
		E4B69B610A3A1757003C02F2 /* Release */ = {
			isa = XCBuildConfiguration;
			buildSettings = {
				COPY_PHASE_STRIP = YES;
				FRAMEWORK_SEARCH_PATHS = (
					"$(inherited)",
					"$(FRAMEWORK_SEARCH_PATHS_QUOTED_FOR_TARGET_1)",
				);
				FRAMEWORK_SEARCH_PATHS_QUOTED_FOR_TARGET_1 = "\"$(SRCROOT)/../../../libs/glut/lib/osx\"";
				GCC_GENERATE_DEBUGGING_SYMBOLS = NO;
				GCC_MODEL_TUNING = G4;
				GCC_PRECOMPILE_PREFIX_HEADER = YES;
				GCC_PREFIX_HEADER = "$(SYSTEM_LIBRARY_DIR)/Frameworks/Carbon.framework/Headers/Carbon.h";
				HEADER_SEARCH_PATHS = "$(OF_CORE_HEADERS)";
				INFOPLIST_FILE = "openFrameworks-Info.plist";
				INSTALL_PATH = "$(HOME)/Applications";
				LIBRARY_SEARCH_PATHS = (
					"$(inherited)",
					"$(LIBRARY_SEARCH_PATHS_QUOTED_FOR_TARGET_1)",
					"$(LIBRARY_SEARCH_PATHS_QUOTED_FOR_TARGET_2)",
					"$(LIBRARY_SEARCH_PATHS_QUOTED_FOR_TARGET_3)",
					"$(LIBRARY_SEARCH_PATHS_QUOTED_FOR_TARGET_4)",
					"$(LIBRARY_SEARCH_PATHS_QUOTED_FOR_TARGET_5)",
					"$(LIBRARY_SEARCH_PATHS_QUOTED_FOR_TARGET_6)",
					"$(LIBRARY_SEARCH_PATHS_QUOTED_FOR_TARGET_7)",
					"$(LIBRARY_SEARCH_PATHS_QUOTED_FOR_TARGET_8)",
					"$(LIBRARY_SEARCH_PATHS_QUOTED_FOR_TARGET_9)",
					"$(LIBRARY_SEARCH_PATHS_QUOTED_FOR_TARGET_10)",
					"$(LIBRARY_SEARCH_PATHS_QUOTED_FOR_TARGET_11)",
					"$(LIBRARY_SEARCH_PATHS_QUOTED_FOR_TARGET_12)",
					"$(LIBRARY_SEARCH_PATHS_QUOTED_FOR_TARGET_13)",
					"$(LIBRARY_SEARCH_PATHS_QUOTED_FOR_TARGET_14)",
					"$(LIBRARY_SEARCH_PATHS_QUOTED_FOR_TARGET_15)",
					"$(LIBRARY_SEARCH_PATHS_QUOTED_FOR_TARGET_2)",
					"$(LIBRARY_SEARCH_PATHS_QUOTED_1)",
					"$(LIBRARY_SEARCH_PATHS_QUOTED_FOR_TARGET_3)",
					"$(LIBRARY_SEARCH_PATHS_QUOTED_FOR_TARGET_7)",
					"$(LIBRARY_SEARCH_PATHS_QUOTED_FOR_TARGET_8)",
					"$(LIBRARY_SEARCH_PATHS_QUOTED_FOR_TARGET_9)",
					"$(LIBRARY_SEARCH_PATHS_QUOTED_FOR_TARGET_10)",
					"$(LIBRARY_SEARCH_PATHS_QUOTED_FOR_TARGET_11)",
					"$(LIBRARY_SEARCH_PATHS_QUOTED_FOR_TARGET_12)",
					"$(LIBRARY_SEARCH_PATHS_QUOTED_FOR_TARGET_13)",
					"$(LIBRARY_SEARCH_PATHS_QUOTED_FOR_TARGET_16)",
					"$(LIBRARY_SEARCH_PATHS_QUOTED_FOR_TARGET_17)",
					"$(LIBRARY_SEARCH_PATHS_QUOTED_FOR_TARGET_18)",
					"$(LIBRARY_SEARCH_PATHS_QUOTED_FOR_TARGET_19)",
					"$(LIBRARY_SEARCH_PATHS_QUOTED_FOR_TARGET_20)",
					"$(LIBRARY_SEARCH_PATHS_QUOTED_FOR_TARGET_21)",
					"$(LIBRARY_SEARCH_PATHS_QUOTED_FOR_TARGET_22)",
					"$(LIBRARY_SEARCH_PATHS_QUOTED_FOR_TARGET_23)",
					"$(LIBRARY_SEARCH_PATHS_QUOTED_FOR_TARGET_24)",
					"$(LIBRARY_SEARCH_PATHS_QUOTED_FOR_TARGET_25)",
					"$(LIBRARY_SEARCH_PATHS_QUOTED_FOR_TARGET_26)",
					"$(LIBRARY_SEARCH_PATHS_QUOTED_FOR_TARGET_27)",
					"$(LIBRARY_SEARCH_PATHS_QUOTED_FOR_TARGET_28)",
					"$(LIBRARY_SEARCH_PATHS_QUOTED_FOR_TARGET_29)",
					"$(LIBRARY_SEARCH_PATHS_QUOTED_FOR_TARGET_30)",
					"$(LIBRARY_SEARCH_PATHS_QUOTED_FOR_TARGET_31)",
					"$(LIBRARY_SEARCH_PATHS_QUOTED_FOR_TARGET_32)",
					"$(LIBRARY_SEARCH_PATHS_QUOTED_FOR_TARGET_33)",
					"$(LIBRARY_SEARCH_PATHS_QUOTED_FOR_TARGET_34)",
					"$(LIBRARY_SEARCH_PATHS_QUOTED_FOR_TARGET_35)",
					"$(LIBRARY_SEARCH_PATHS_QUOTED_FOR_TARGET_36)",
					"$(LIBRARY_SEARCH_PATHS_QUOTED_FOR_TARGET_37)",
					"$(LIBRARY_SEARCH_PATHS_QUOTED_FOR_TARGET_38)",
					"$(LIBRARY_SEARCH_PATHS_QUOTED_FOR_TARGET_39)",
					"$(LIBRARY_SEARCH_PATHS_QUOTED_FOR_TARGET_40)",
					"$(LIBRARY_SEARCH_PATHS_QUOTED_FOR_TARGET_41)",
					"$(LIBRARY_SEARCH_PATHS_QUOTED_FOR_TARGET_42)",
					"$(LIBRARY_SEARCH_PATHS_QUOTED_FOR_TARGET_43)",
					"$(LIBRARY_SEARCH_PATHS_QUOTED_FOR_TARGET_44)",
					"$(LIBRARY_SEARCH_PATHS_QUOTED_FOR_TARGET_45)",
					"$(LIBRARY_SEARCH_PATHS_QUOTED_FOR_TARGET_46)",
					"$(LIBRARY_SEARCH_PATHS_QUOTED_FOR_TARGET_47)",
					"$(LIBRARY_SEARCH_PATHS_QUOTED_FOR_TARGET_48)",
					"$(LIBRARY_SEARCH_PATHS_QUOTED_FOR_TARGET_49)",
					"$(LIBRARY_SEARCH_PATHS_QUOTED_FOR_TARGET_50)",
					"$(LIBRARY_SEARCH_PATHS_QUOTED_FOR_TARGET_51)",
					"$(LIBRARY_SEARCH_PATHS_QUOTED_FOR_TARGET_1)",
					"$(LIBRARY_SEARCH_PATHS_QUOTED_FOR_TARGET_2)",
					"$(LIBRARY_SEARCH_PATHS_QUOTED_FOR_TARGET_3)",
					"$(LIBRARY_SEARCH_PATHS_QUOTED_FOR_TARGET_4)",
					"$(LIBRARY_SEARCH_PATHS_QUOTED_FOR_TARGET_5)",
					"$(LIBRARY_SEARCH_PATHS_QUOTED_FOR_TARGET_6)",
					"$(LIBRARY_SEARCH_PATHS_QUOTED_FOR_TARGET_7)",
					"$(LIBRARY_SEARCH_PATHS_QUOTED_FOR_TARGET_8)",
					"$(LIBRARY_SEARCH_PATHS_QUOTED_1)",
					"$(LIBRARY_SEARCH_PATHS_QUOTED_2)",
					"$(LIBRARY_SEARCH_PATHS_QUOTED_3)",
					"$(LIBRARY_SEARCH_PATHS_QUOTED_4)",
					"$(LIBRARY_SEARCH_PATHS_QUOTED_5)",
					"$(LIBRARY_SEARCH_PATHS_QUOTED_6)",
					"$(LIBRARY_SEARCH_PATHS_QUOTED_7)",
					"$(LIBRARY_SEARCH_PATHS_QUOTED_8)",
				);
				PRODUCT_NAME = "$(TARGET_NAME)";
				SDKROOT = macosx10.6;
				WRAPPER_EXTENSION = app;
			};
			name = Release;
		};
/* End XCBuildConfiguration section */

/* Begin XCConfigurationList section */
		E4B69B4D0A3A1720003C02F2 /* Build configuration list for PBXProject "BasicExample" */ = {
			isa = XCConfigurationList;
			buildConfigurations = (
				E4B69B4E0A3A1720003C02F2 /* Debug */,
				E4B69B4F0A3A1720003C02F2 /* Release */,
			);
			defaultConfigurationIsVisible = 0;
			defaultConfigurationName = Release;
		};
		E4B69B5F0A3A1757003C02F2 /* Build configuration list for PBXNativeTarget "BasicExample" */ = {
			isa = XCConfigurationList;
			buildConfigurations = (
				E4B69B600A3A1757003C02F2 /* Debug */,
				E4B69B610A3A1757003C02F2 /* Release */,
			);
			defaultConfigurationIsVisible = 0;
			defaultConfigurationName = Release;
		};
/* End XCConfigurationList section */
	};
	rootObject = E4B69B4C0A3A1720003C02F2 /* Project object */;
}
